PODS:
  - PivoProSDK (0.0.8)

DEPENDENCIES:
  - PivoProSDK (from `https://github.com/pivo-inc/pivo-pro-sdk-ios.git`, tag `0.0.8`)

EXTERNAL SOURCES:
  PivoProSDK:
    :git: https://github.com/pivo-inc/pivo-pro-sdk-ios.git
    :tag: 0.0.8

CHECKOUT OPTIONS:
  PivoProSDK:
    :git: https://github.com/pivo-inc/pivo-pro-sdk-ios.git
    :tag: 0.0.8

SPEC CHECKSUMS:
  PivoProSDK: b706f3c8a969dce30b6ca226d37ab375b83a23c8

PODFILE CHECKSUM: abfa17983db1247e5e65c3d5f60d0c1038f15b60

COCOAPODS: 1.11.2
