PODS:
  - PivoProSDK (0.0.9)

DEPENDENCIES:
  - PivoProSDK (from `https://github.com/pivo-inc/pivo-pro-sdk-ios.git`, tag `0.0.9`)

EXTERNAL SOURCES:
  PivoProSDK:
    :git: https://github.com/pivo-inc/pivo-pro-sdk-ios.git
    :tag: 0.0.9

CHECKOUT OPTIONS:
  PivoProSDK:
    :git: https://github.com/pivo-inc/pivo-pro-sdk-ios.git
    :tag: 0.0.9

SPEC CHECKSUMS:
  PivoProSDK: a703e543d867622f0d25888b3bb46fef4d0571bc

PODFILE CHECKSUM: d02bc3361cc82928cb0ab71c00763e6ff38d9ae8

COCOAPODS: 1.11.2
