// !$*UTF8*$!
{
	archiveVersion = 1;
	classes = {
	};
	objectVersion = 56;
	objects = {

/* Begin PBXBuildFile section */
		1711F0CE2434163700956868 /* UIAlertController+Extensions.swift in Sources */ = {isa = PBXBuildFile; fileRef = 1711F0BD2434163700956868 /* UIAlertController+Extensions.swift */; };
		1711F0D42434168000956868 /* UIView+Extensions.swift in Sources */ = {isa = PBXBuildFile; fileRef = 1711F0D32434168000956868 /* UIView+Extensions.swift */; };
		17402721272A37CF00217B50 /* README.md in Resources */ = {isa = PBXBuildFile; fileRef = 17402720272A37CF00217B50 /* README.md */; };
		178BAB762443F776003A4030 /* CoordinatorHelper.swift in Sources */ = {isa = PBXBuildFile; fileRef = 178BAB752443F776003A4030 /* CoordinatorHelper.swift */; };
		179F69242445571D005B762B /* ImageHelper.swift in Sources */ = {isa = PBXBuildFile; fileRef = 179F69232445571D005B762B /* ImageHelper.swift */; };
		17BDA4E023FF965000D68E52 /* AppDelegate.swift in Sources */ = {isa = PBXBuildFile; fileRef = 17BDA4DF23FF965000D68E52 /* AppDelegate.swift */; };
		17BDA4E923FF965200D68E52 /* Assets.xcassets in Resources */ = {isa = PBXBuildFile; fileRef = 17BDA4E823FF965200D68E52 /* Assets.xcassets */; };
		17BDA4EC23FF965200D68E52 /* LaunchScreen.storyboard in Resources */ = {isa = PBXBuildFile; fileRef = 17BDA4EA23FF965200D68E52 /* LaunchScreen.storyboard */; };
		17BDA50423FF977400D68E52 /* SelectPivoVC.swift in Sources */ = {isa = PBXBuildFile; fileRef = 17BDA50223FF977300D68E52 /* SelectPivoVC.swift */; };
		17BDA50523FF977400D68E52 /* SelectPivoVC.storyboard in Resources */ = {isa = PBXBuildFile; fileRef = 17BDA50323FF977400D68E52 /* SelectPivoVC.storyboard */; };
		17BDA50723FFA55F00D68E52 /* ControlPivoVC.swift in Sources */ = {isa = PBXBuildFile; fileRef = 17BDA50623FFA55F00D68E52 /* ControlPivoVC.swift */; };
		17BDA50B23FFA5E900D68E52 /* ControlPivoVC.storyboard in Resources */ = {isa = PBXBuildFile; fileRef = 17BDA50A23FFA5E900D68E52 /* ControlPivoVC.storyboard */; };
		17D90D4B2403604B00CB69EA /* PickerViewViewController.swift in Sources */ = {isa = PBXBuildFile; fileRef = 17D90D372403604B00CB69EA /* PickerViewViewController.swift */; };
		17DB990F24493B0000D21ECF /* DeviceOrientation.swift in Sources */ = {isa = PBXBuildFile; fileRef = 17DB990E24493B0000D21ECF /* DeviceOrientation.swift */; };
		17DB99112449458600D21ECF /* UIImageExtension.swift in Sources */ = {isa = PBXBuildFile; fileRef = 17DB99102449458600D21ECF /* UIImageExtension.swift */; };
		17FA7548243EF6FC007D1B73 /* AssetsLibrary.framework in Frameworks */ = {isa = PBXBuildFile; fileRef = 17FA7547243EF6FC007D1B73 /* AssetsLibrary.framework */; };
		36D9EA7629ECB14E005E9C51 /* licenseKey.json in Resources */ = {isa = PBXBuildFile; fileRef = 36D9EA7529ECB14E005E9C51 /* licenseKey.json */; };
		36D9EB9B29EE1BE8005E9C51 /* TrackingViewModel.swift in Sources */ = {isa = PBXBuildFile; fileRef = 36D9EB9429EE1BE7005E9C51 /* TrackingViewModel.swift */; };
		36D9EB9C29EE1BE8005E9C51 /* TrackingVC.storyboard in Resources */ = {isa = PBXBuildFile; fileRef = 36D9EB9529EE1BE7005E9C51 /* TrackingVC.storyboard */; };
		36D9EB9D29EE1BE8005E9C51 /* CameraEngine.swift in Sources */ = {isa = PBXBuildFile; fileRef = 36D9EB9729EE1BE7005E9C51 /* CameraEngine.swift */; };
		36D9EB9E29EE1BE8005E9C51 /* TargetSelectionView.swift in Sources */ = {isa = PBXBuildFile; fileRef = 36D9EB9929EE1BE7005E9C51 /* TargetSelectionView.swift */; };
		36D9EB9F29EE1BE8005E9C51 /* TrackingVC.swift in Sources */ = {isa = PBXBuildFile; fileRef = 36D9EB9A29EE1BE7005E9C51 /* TrackingVC.swift */; };
		36D9EC0729EF72E8005E9C51 /* PivoProSDK.framework in Frameworks */ = {isa = PBXBuildFile; fileRef = 36D9EC0529EF72B4005E9C51 /* PivoProSDK.framework */; };
		36D9EC0829EF72E8005E9C51 /* PivoProSDK.framework in Embed Frameworks */ = {isa = PBXBuildFile; fileRef = 36D9EC0529EF72B4005E9C51 /* PivoProSDK.framework */; settings = {ATTRIBUTES = (CodeSignOnCopy, RemoveHeadersOnCopy, ); }; };
/* End PBXBuildFile section */

/* Begin PBXCopyFilesBuildPhase section */
		36D9EA9A29ECC5B7005E9C51 /* Embed Frameworks */ = {
			isa = PBXCopyFilesBuildPhase;
			buildActionMask = 2147483647;
			dstPath = "";
			dstSubfolderSpec = 10;
			files = (
				36D9EC0829EF72E8005E9C51 /* PivoProSDK.framework in Embed Frameworks */,
			);
			name = "Embed Frameworks";
			runOnlyForDeploymentPostprocessing = 0;
		};
/* End PBXCopyFilesBuildPhase section */

/* Begin PBXFileReference section */
		1711F0BD2434163700956868 /* UIAlertController+Extensions.swift */ = {isa = PBXFileReference; fileEncoding = 4; lastKnownFileType = sourcecode.swift; path = "UIAlertController+Extensions.swift"; sourceTree = "<group>"; };
		1711F0D32434168000956868 /* UIView+Extensions.swift */ = {isa = PBXFileReference; fileEncoding = 4; lastKnownFileType = sourcecode.swift; path = "UIView+Extensions.swift"; sourceTree = "<group>"; };
		17402720272A37CF00217B50 /* README.md */ = {isa = PBXFileReference; fileEncoding = 4; lastKnownFileType = net.daringfireball.markdown; path = README.md; sourceTree = SOURCE_ROOT; };
		178BAB752443F776003A4030 /* CoordinatorHelper.swift */ = {isa = PBXFileReference; lastKnownFileType = sourcecode.swift; path = CoordinatorHelper.swift; sourceTree = "<group>"; };
		179F69232445571D005B762B /* ImageHelper.swift */ = {isa = PBXFileReference; lastKnownFileType = sourcecode.swift; path = ImageHelper.swift; sourceTree = "<group>"; };
		17BDA4DC23FF965000D68E52 /* PivoProSDKTestApp.app */ = {isa = PBXFileReference; explicitFileType = wrapper.application; includeInIndex = 0; path = PivoProSDKTestApp.app; sourceTree = BUILT_PRODUCTS_DIR; };
		17BDA4DF23FF965000D68E52 /* AppDelegate.swift */ = {isa = PBXFileReference; lastKnownFileType = sourcecode.swift; path = AppDelegate.swift; sourceTree = "<group>"; };
		17BDA4E823FF965200D68E52 /* Assets.xcassets */ = {isa = PBXFileReference; lastKnownFileType = folder.assetcatalog; path = Assets.xcassets; sourceTree = "<group>"; };
		17BDA4EB23FF965200D68E52 /* Base */ = {isa = PBXFileReference; lastKnownFileType = file.storyboard; name = Base; path = Base.lproj/LaunchScreen.storyboard; sourceTree = "<group>"; };
		17BDA4ED23FF965200D68E52 /* Info.plist */ = {isa = PBXFileReference; lastKnownFileType = text.plist.xml; path = Info.plist; sourceTree = "<group>"; };
		17BDA50223FF977300D68E52 /* SelectPivoVC.swift */ = {isa = PBXFileReference; fileEncoding = 4; lastKnownFileType = sourcecode.swift; path = SelectPivoVC.swift; sourceTree = "<group>"; };
		17BDA50323FF977400D68E52 /* SelectPivoVC.storyboard */ = {isa = PBXFileReference; fileEncoding = 4; lastKnownFileType = file.storyboard; path = SelectPivoVC.storyboard; sourceTree = "<group>"; };
		17BDA50623FFA55F00D68E52 /* ControlPivoVC.swift */ = {isa = PBXFileReference; lastKnownFileType = sourcecode.swift; path = ControlPivoVC.swift; sourceTree = "<group>"; };
		17BDA50A23FFA5E900D68E52 /* ControlPivoVC.storyboard */ = {isa = PBXFileReference; lastKnownFileType = file.storyboard; path = ControlPivoVC.storyboard; sourceTree = "<group>"; };
		17D90D372403604B00CB69EA /* PickerViewViewController.swift */ = {isa = PBXFileReference; fileEncoding = 4; lastKnownFileType = sourcecode.swift; path = PickerViewViewController.swift; sourceTree = "<group>"; };
		17DB990E24493B0000D21ECF /* DeviceOrientation.swift */ = {isa = PBXFileReference; fileEncoding = 4; lastKnownFileType = sourcecode.swift; path = DeviceOrientation.swift; sourceTree = "<group>"; };
		17DB99102449458600D21ECF /* UIImageExtension.swift */ = {isa = PBXFileReference; lastKnownFileType = sourcecode.swift; path = UIImageExtension.swift; sourceTree = "<group>"; };
		17FA7547243EF6FC007D1B73 /* AssetsLibrary.framework */ = {isa = PBXFileReference; lastKnownFileType = wrapper.framework; name = AssetsLibrary.framework; path = System/Library/Frameworks/AssetsLibrary.framework; sourceTree = SDKROOT; };
		36D9EA7529ECB14E005E9C51 /* licenseKey.json */ = {isa = PBXFileReference; fileEncoding = 4; lastKnownFileType = text.json; path = licenseKey.json; sourceTree = "<group>"; };
		36D9EB9429EE1BE7005E9C51 /* TrackingViewModel.swift */ = {isa = PBXFileReference; fileEncoding = 4; lastKnownFileType = sourcecode.swift; path = TrackingViewModel.swift; sourceTree = "<group>"; };
		36D9EB9529EE1BE7005E9C51 /* TrackingVC.storyboard */ = {isa = PBXFileReference; fileEncoding = 4; lastKnownFileType = file.storyboard; path = TrackingVC.storyboard; sourceTree = "<group>"; };
		36D9EB9729EE1BE7005E9C51 /* CameraEngine.swift */ = {isa = PBXFileReference; fileEncoding = 4; lastKnownFileType = sourcecode.swift; path = CameraEngine.swift; sourceTree = "<group>"; };
		36D9EB9929EE1BE7005E9C51 /* TargetSelectionView.swift */ = {isa = PBXFileReference; fileEncoding = 4; lastKnownFileType = sourcecode.swift; path = TargetSelectionView.swift; sourceTree = "<group>"; };
		36D9EB9A29EE1BE7005E9C51 /* TrackingVC.swift */ = {isa = PBXFileReference; fileEncoding = 4; lastKnownFileType = sourcecode.swift; path = TrackingVC.swift; sourceTree = "<group>"; };
		36D9EC0529EF72B4005E9C51 /* PivoProSDK.framework */ = {isa = PBXFileReference; lastKnownFileType = wrapper.framework; name = PivoProSDK.framework; path = Frameworks/PivoProSDK.framework; sourceTree = "<group>"; };
/* End PBXFileReference section */

/* Begin PBXFrameworksBuildPhase section */
		17BDA4D923FF965000D68E52 /* Frameworks */ = {
			isa = PBXFrameworksBuildPhase;
			buildActionMask = 2147483647;
			files = (
				17FA7548243EF6FC007D1B73 /* AssetsLibrary.framework in Frameworks */,
				36D9EC0729EF72E8005E9C51 /* PivoProSDK.framework in Frameworks */,
			);
			runOnlyForDeploymentPostprocessing = 0;
		};
/* End PBXFrameworksBuildPhase section */

/* Begin PBXGroup section */
		1711F0B02434163700956868 /* Extensions */ = {
			isa = PBXGroup;
			children = (
				1711F0D32434168000956868 /* UIView+Extensions.swift */,
				1711F0BD2434163700956868 /* UIAlertController+Extensions.swift */,
			);
			path = Extensions;
			sourceTree = "<group>";
		};
		178BAB862445492A003A4030 /* VC */ = {
			isa = PBXGroup;
			children = (
				36D9EB9229EE1BE7005E9C51 /* Tracking */,
				178BAB8724454AFC003A4030 /* ControlPivoVC */,
				17BDA50123FF975D00D68E52 /* SelectPivoVC */,
			);
			path = VC;
			sourceTree = "<group>";
		};
		178BAB8724454AFC003A4030 /* ControlPivoVC */ = {
			isa = PBXGroup;
			children = (
				17BDA50623FFA55F00D68E52 /* ControlPivoVC.swift */,
				17BDA50A23FFA5E900D68E52 /* ControlPivoVC.storyboard */,
			);
			path = ControlPivoVC;
			sourceTree = "<group>";
		};
		179F69222445570F005B762B /* Helper */ = {
			isa = PBXGroup;
			children = (
				17DB990E24493B0000D21ECF /* DeviceOrientation.swift */,
				178BAB752443F776003A4030 /* CoordinatorHelper.swift */,
				179F69232445571D005B762B /* ImageHelper.swift */,
				17DB99102449458600D21ECF /* UIImageExtension.swift */,
			);
			path = Helper;
			sourceTree = "<group>";
		};
		17BDA4D323FF965000D68E52 = {
			isa = PBXGroup;
			children = (
				17BDA4DE23FF965000D68E52 /* PivoProSDKTestApp */,
				17BDA4DD23FF965000D68E52 /* Products */,
				17BDA4FC23FF96FE00D68E52 /* Frameworks */,
			);
			sourceTree = "<group>";
		};
		17BDA4DD23FF965000D68E52 /* Products */ = {
			isa = PBXGroup;
			children = (
				17BDA4DC23FF965000D68E52 /* PivoProSDKTestApp.app */,
			);
			name = Products;
			sourceTree = "<group>";
		};
		17BDA4DE23FF965000D68E52 /* PivoProSDKTestApp */ = {
			isa = PBXGroup;
			children = (
				36D9EA7529ECB14E005E9C51 /* licenseKey.json */,
				17402720272A37CF00217B50 /* README.md */,
				179F69222445570F005B762B /* Helper */,
				17BDA4ED23FF965200D68E52 /* Info.plist */,
				17BDA4DF23FF965000D68E52 /* AppDelegate.swift */,
				17BDA4E823FF965200D68E52 /* Assets.xcassets */,
				17D90D222403604B00CB69EA /* CustomPickerView */,
				17BDA4EA23FF965200D68E52 /* LaunchScreen.storyboard */,
				178BAB862445492A003A4030 /* VC */,
			);
			path = PivoProSDKTestApp;
			sourceTree = "<group>";
		};
		17BDA4FC23FF96FE00D68E52 /* Frameworks */ = {
			isa = PBXGroup;
			children = (
				36D9EC0529EF72B4005E9C51 /* PivoProSDK.framework */,
				17FA7547243EF6FC007D1B73 /* AssetsLibrary.framework */,
			);
			name = Frameworks;
			sourceTree = "<group>";
		};
		17BDA50123FF975D00D68E52 /* SelectPivoVC */ = {
			isa = PBXGroup;
			children = (
				17BDA50323FF977400D68E52 /* SelectPivoVC.storyboard */,
				17BDA50223FF977300D68E52 /* SelectPivoVC.swift */,
			);
			path = SelectPivoVC;
			sourceTree = "<group>";
		};
		17D90D222403604B00CB69EA /* CustomPickerView */ = {
			isa = PBXGroup;
			children = (
				1711F0B02434163700956868 /* Extensions */,
				17D90D352403604B00CB69EA /* Pickers */,
			);
			path = CustomPickerView;
			sourceTree = "<group>";
		};
		17D90D352403604B00CB69EA /* Pickers */ = {
			isa = PBXGroup;
			children = (
				17D90D362403604B00CB69EA /* PickerView */,
			);
			path = Pickers;
			sourceTree = "<group>";
		};
		17D90D362403604B00CB69EA /* PickerView */ = {
			isa = PBXGroup;
			children = (
				17D90D372403604B00CB69EA /* PickerViewViewController.swift */,
			);
			path = PickerView;
			sourceTree = "<group>";
		};
		36D9EB9229EE1BE7005E9C51 /* Tracking */ = {
			isa = PBXGroup;
			children = (
				36D9EB9329EE1BE7005E9C51 /* ViewModel */,
				36D9EB9529EE1BE7005E9C51 /* TrackingVC.storyboard */,
				36D9EB9629EE1BE7005E9C51 /* Controller */,
				36D9EB9829EE1BE7005E9C51 /* View */,
				36D9EB9A29EE1BE7005E9C51 /* TrackingVC.swift */,
			);
			path = Tracking;
			sourceTree = "<group>";
		};
		36D9EB9329EE1BE7005E9C51 /* ViewModel */ = {
			isa = PBXGroup;
			children = (
				36D9EB9429EE1BE7005E9C51 /* TrackingViewModel.swift */,
			);
			path = ViewModel;
			sourceTree = "<group>";
		};
		36D9EB9629EE1BE7005E9C51 /* Controller */ = {
			isa = PBXGroup;
			children = (
				36D9EB9729EE1BE7005E9C51 /* CameraEngine.swift */,
			);
			path = Controller;
			sourceTree = "<group>";
		};
		36D9EB9829EE1BE7005E9C51 /* View */ = {
			isa = PBXGroup;
			children = (
				36D9EB9929EE1BE7005E9C51 /* TargetSelectionView.swift */,
			);
			path = View;
			sourceTree = "<group>";
		};
/* End PBXGroup section */

/* Begin PBXNativeTarget section */
		17BDA4DB23FF965000D68E52 /* PivoProSDKTestApp */ = {
			isa = PBXNativeTarget;
			buildConfigurationList = 17BDA4F023FF965200D68E52 /* Build configuration list for PBXNativeTarget "PivoProSDKTestApp" */;
			buildPhases = (
				17BDA4D823FF965000D68E52 /* Sources */,
				17BDA4D923FF965000D68E52 /* Frameworks */,
				17BDA4DA23FF965000D68E52 /* Resources */,
				36D9EA9A29ECC5B7005E9C51 /* Embed Frameworks */,
			);
			buildRules = (
			);
			dependencies = (
			);
			name = PivoProSDKTestApp;
			productName = RotatorTestApp;
			productReference = 17BDA4DC23FF965000D68E52 /* PivoProSDKTestApp.app */;
			productType = "com.apple.product-type.application";
		};
/* End PBXNativeTarget section */

/* Begin PBXProject section */
		17BDA4D423FF965000D68E52 /* Project object */ = {
			isa = PBXProject;
			attributes = {
				LastSwiftUpdateCheck = 1120;
				LastUpgradeCheck = 1120;
				ORGANIZATIONNAME = 3i;
				TargetAttributes = {
					17BDA4DB23FF965000D68E52 = {
						CreatedOnToolsVersion = 11.2.1;
					};
				};
			};
			buildConfigurationList = 17BDA4D723FF965000D68E52 /* Build configuration list for PBXProject "PivoProSDKTestApp" */;
			compatibilityVersion = "Xcode 14.0";
			developmentRegion = en;
			hasScannedForEncodings = 0;
			knownRegions = (
				en,
				Base,
			);
			mainGroup = 17BDA4D323FF965000D68E52;
			productRefGroup = 17BDA4DD23FF965000D68E52 /* Products */;
			projectDirPath = "";
			projectRoot = "";
			targets = (
				17BDA4DB23FF965000D68E52 /* PivoProSDKTestApp */,
			);
		};
/* End PBXProject section */

/* Begin PBXResourcesBuildPhase section */
		17BDA4DA23FF965000D68E52 /* Resources */ = {
			isa = PBXResourcesBuildPhase;
			buildActionMask = 2147483647;
			files = (
				36D9EB9C29EE1BE8005E9C51 /* TrackingVC.storyboard in Resources */,
				17BDA50523FF977400D68E52 /* SelectPivoVC.storyboard in Resources */,
				36D9EA7629ECB14E005E9C51 /* licenseKey.json in Resources */,
				17BDA4EC23FF965200D68E52 /* LaunchScreen.storyboard in Resources */,
				17402721272A37CF00217B50 /* README.md in Resources */,
				17BDA4E923FF965200D68E52 /* Assets.xcassets in Resources */,
				17BDA50B23FFA5E900D68E52 /* ControlPivoVC.storyboard in Resources */,
			);
			runOnlyForDeploymentPostprocessing = 0;
		};
/* End PBXResourcesBuildPhase section */

/* Begin PBXSourcesBuildPhase section */
		17BDA4D823FF965000D68E52 /* Sources */ = {
			isa = PBXSourcesBuildPhase;
			buildActionMask = 2147483647;
			files = (
				17DB990F24493B0000D21ECF /* DeviceOrientation.swift in Sources */,
				1711F0D42434168000956868 /* UIView+Extensions.swift in Sources */,
				1711F0CE2434163700956868 /* UIAlertController+Extensions.swift in Sources */,
				17BDA50723FFA55F00D68E52 /* ControlPivoVC.swift in Sources */,
				17BDA50423FF977400D68E52 /* SelectPivoVC.swift in Sources */,
				36D9EB9E29EE1BE8005E9C51 /* TargetSelectionView.swift in Sources */,
				17DB99112449458600D21ECF /* UIImageExtension.swift in Sources */,
				36D9EB9B29EE1BE8005E9C51 /* TrackingViewModel.swift in Sources */,
				17BDA4E023FF965000D68E52 /* AppDelegate.swift in Sources */,
				36D9EB9D29EE1BE8005E9C51 /* CameraEngine.swift in Sources */,
				178BAB762443F776003A4030 /* CoordinatorHelper.swift in Sources */,
				17D90D4B2403604B00CB69EA /* PickerViewViewController.swift in Sources */,
				179F69242445571D005B762B /* ImageHelper.swift in Sources */,
				36D9EB9F29EE1BE8005E9C51 /* TrackingVC.swift in Sources */,
			);
			runOnlyForDeploymentPostprocessing = 0;
		};
/* End PBXSourcesBuildPhase section */

/* Begin PBXVariantGroup section */
		17BDA4EA23FF965200D68E52 /* LaunchScreen.storyboard */ = {
			isa = PBXVariantGroup;
			children = (
				17BDA4EB23FF965200D68E52 /* Base */,
			);
			name = LaunchScreen.storyboard;
			sourceTree = "<group>";
		};
/* End PBXVariantGroup section */

/* Begin XCBuildConfiguration section */
		17BDA4EE23FF965200D68E52 /* Debug */ = {
			isa = XCBuildConfiguration;
			buildSettings = {
				ALWAYS_SEARCH_USER_PATHS = NO;
				CLANG_ANALYZER_NONNULL = YES;
				CLANG_ANALYZER_NUMBER_OBJECT_CONVERSION = YES_AGGRESSIVE;
				CLANG_CXX_LANGUAGE_STANDARD = "gnu++14";
				CLANG_CXX_LIBRARY = "libc++";
				CLANG_ENABLE_MODULES = YES;
				CLANG_ENABLE_OBJC_ARC = YES;
				CLANG_ENABLE_OBJC_WEAK = YES;
				CLANG_WARN_BLOCK_CAPTURE_AUTORELEASING = YES;
				CLANG_WARN_BOOL_CONVERSION = YES;
				CLANG_WARN_COMMA = YES;
				CLANG_WARN_CONSTANT_CONVERSION = YES;
				CLANG_WARN_DEPRECATED_OBJC_IMPLEMENTATIONS = YES;
				CLANG_WARN_DIRECT_OBJC_ISA_USAGE = YES_ERROR;
				CLANG_WARN_DOCUMENTATION_COMMENTS = YES;
				CLANG_WARN_EMPTY_BODY = YES;
				CLANG_WARN_ENUM_CONVERSION = YES;
				CLANG_WARN_INFINITE_RECURSION = YES;
				CLANG_WARN_INT_CONVERSION = YES;
				CLANG_WARN_NON_LITERAL_NULL_CONVERSION = YES;
				CLANG_WARN_OBJC_IMPLICIT_RETAIN_SELF = YES;
				CLANG_WARN_OBJC_LITERAL_CONVERSION = YES;
				CLANG_WARN_OBJC_ROOT_CLASS = YES_ERROR;
				CLANG_WARN_RANGE_LOOP_ANALYSIS = YES;
				CLANG_WARN_STRICT_PROTOTYPES = YES;
				CLANG_WARN_SUSPICIOUS_MOVE = YES;
				CLANG_WARN_UNGUARDED_AVAILABILITY = YES_AGGRESSIVE;
				CLANG_WARN_UNREACHABLE_CODE = YES;
				CLANG_WARN__DUPLICATE_METHOD_MATCH = YES;
				COPY_PHASE_STRIP = NO;
				DEBUG_INFORMATION_FORMAT = dwarf;
				ENABLE_STRICT_OBJC_MSGSEND = YES;
				ENABLE_TESTABILITY = YES;
				GCC_C_LANGUAGE_STANDARD = gnu11;
				GCC_DYNAMIC_NO_PIC = NO;
				GCC_NO_COMMON_BLOCKS = YES;
				GCC_OPTIMIZATION_LEVEL = 0;
				GCC_PREPROCESSOR_DEFINITIONS = (
					"DEBUG=1",
					"$(inherited)",
				);
				GCC_WARN_64_TO_32_BIT_CONVERSION = YES;
				GCC_WARN_ABOUT_RETURN_TYPE = YES_ERROR;
				GCC_WARN_UNDECLARED_SELECTOR = YES;
				GCC_WARN_UNINITIALIZED_AUTOS = YES_AGGRESSIVE;
				GCC_WARN_UNUSED_FUNCTION = YES;
				GCC_WARN_UNUSED_VARIABLE = YES;
				IPHONEOS_DEPLOYMENT_TARGET = 13.2;
				MTL_ENABLE_DEBUG_INFO = INCLUDE_SOURCE;
				MTL_FAST_MATH = YES;
				ONLY_ACTIVE_ARCH = YES;
				SDKROOT = iphoneos;
				SWIFT_ACTIVE_COMPILATION_CONDITIONS = DEBUG;
				SWIFT_OPTIMIZATION_LEVEL = "-Onone";
			};
			name = Debug;
		};
		17BDA4EF23FF965200D68E52 /* Release */ = {
			isa = XCBuildConfiguration;
			buildSettings = {
				ALWAYS_SEARCH_USER_PATHS = NO;
				CLANG_ANALYZER_NONNULL = YES;
				CLANG_ANALYZER_NUMBER_OBJECT_CONVERSION = YES_AGGRESSIVE;
				CLANG_CXX_LANGUAGE_STANDARD = "gnu++14";
				CLANG_CXX_LIBRARY = "libc++";
				CLANG_ENABLE_MODULES = YES;
				CLANG_ENABLE_OBJC_ARC = YES;
				CLANG_ENABLE_OBJC_WEAK = YES;
				CLANG_WARN_BLOCK_CAPTURE_AUTORELEASING = YES;
				CLANG_WARN_BOOL_CONVERSION = YES;
				CLANG_WARN_COMMA = YES;
				CLANG_WARN_CONSTANT_CONVERSION = YES;
				CLANG_WARN_DEPRECATED_OBJC_IMPLEMENTATIONS = YES;
				CLANG_WARN_DIRECT_OBJC_ISA_USAGE = YES_ERROR;
				CLANG_WARN_DOCUMENTATION_COMMENTS = YES;
				CLANG_WARN_EMPTY_BODY = YES;
				CLANG_WARN_ENUM_CONVERSION = YES;
				CLANG_WARN_INFINITE_RECURSION = YES;
				CLANG_WARN_INT_CONVERSION = YES;
				CLANG_WARN_NON_LITERAL_NULL_CONVERSION = YES;
				CLANG_WARN_OBJC_IMPLICIT_RETAIN_SELF = YES;
				CLANG_WARN_OBJC_LITERAL_CONVERSION = YES;
				CLANG_WARN_OBJC_ROOT_CLASS = YES_ERROR;
				CLANG_WARN_RANGE_LOOP_ANALYSIS = YES;
				CLANG_WARN_STRICT_PROTOTYPES = YES;
				CLANG_WARN_SUSPICIOUS_MOVE = YES;
				CLANG_WARN_UNGUARDED_AVAILABILITY = YES_AGGRESSIVE;
				CLANG_WARN_UNREACHABLE_CODE = YES;
				CLANG_WARN__DUPLICATE_METHOD_MATCH = YES;
				COPY_PHASE_STRIP = NO;
				DEBUG_INFORMATION_FORMAT = "dwarf-with-dsym";
				ENABLE_NS_ASSERTIONS = NO;
				ENABLE_STRICT_OBJC_MSGSEND = YES;
				GCC_C_LANGUAGE_STANDARD = gnu11;
				GCC_NO_COMMON_BLOCKS = YES;
				GCC_WARN_64_TO_32_BIT_CONVERSION = YES;
				GCC_WARN_ABOUT_RETURN_TYPE = YES_ERROR;
				GCC_WARN_UNDECLARED_SELECTOR = YES;
				GCC_WARN_UNINITIALIZED_AUTOS = YES_AGGRESSIVE;
				GCC_WARN_UNUSED_FUNCTION = YES;
				GCC_WARN_UNUSED_VARIABLE = YES;
				IPHONEOS_DEPLOYMENT_TARGET = 13.2;
				MTL_ENABLE_DEBUG_INFO = NO;
				MTL_FAST_MATH = YES;
				SDKROOT = iphoneos;
				SWIFT_COMPILATION_MODE = wholemodule;
				SWIFT_OPTIMIZATION_LEVEL = "-O";
				VALIDATE_PRODUCT = YES;
			};
			name = Release;
		};
		17BDA4F123FF965200D68E52 /* Debug */ = {
			isa = XCBuildConfiguration;
			buildSettings = {
				ASSETCATALOG_COMPILER_APPICON_NAME = AppIcon;
				CODE_SIGN_STYLE = Automatic;
				DEVELOPMENT_TEAM = 4JQH63J424;
				ENABLE_BITCODE = NO;
				FRAMEWORK_SEARCH_PATHS = (
					"$(inherited)",
					"$(PROJECT_DIR)/Framework",
					"$(PROJECT_DIR)/Frameworks",
				);
				GCC_PREFIX_HEADER = "";
				INFOPLIST_FILE = PivoProSDKTestApp/Info.plist;
				IPHONEOS_DEPLOYMENT_TARGET = 13.0;
				LD_RUNPATH_SEARCH_PATHS = (
					"$(inherited)",
					"@executable_path/Frameworks",
				);
				PRODUCT_BUNDLE_IDENTIFIER = app.pivo.ios.prosdkdemo;
				PRODUCT_NAME = PivoProSDKTestApp;
				SWIFT_VERSION = 5.0;
				TARGETED_DEVICE_FAMILY = "1,2";
			};
			name = Debug;
		};
		17BDA4F223FF965200D68E52 /* Release */ = {
			isa = XCBuildConfiguration;
			buildSettings = {
				ASSETCATALOG_COMPILER_APPICON_NAME = AppIcon;
				CODE_SIGN_STYLE = Automatic;
				DEVELOPMENT_TEAM = 4JQH63J424;
				ENABLE_BITCODE = NO;
				FRAMEWORK_SEARCH_PATHS = (
					"$(inherited)",
					"$(PROJECT_DIR)/Framework",
					"$(PROJECT_DIR)/Frameworks",
				);
				GCC_PREFIX_HEADER = "";
				INFOPLIST_FILE = PivoProSDKTestApp/Info.plist;
				IPHONEOS_DEPLOYMENT_TARGET = 13.0;
				LD_RUNPATH_SEARCH_PATHS = (
					"$(inherited)",
					"@executable_path/Frameworks",
				);
				PRODUCT_BUNDLE_IDENTIFIER = app.pivo.ios.prosdkdemo;
				PRODUCT_NAME = PivoProSDKTestApp;
				SWIFT_VERSION = 5.0;
				TARGETED_DEVICE_FAMILY = "1,2";
			};
			name = Release;
		};
/* End XCBuildConfiguration section */

/* Begin XCConfigurationList section */
		17BDA4D723FF965000D68E52 /* Build configuration list for PBXProject "PivoProSDKTestApp" */ = {
			isa = XCConfigurationList;
			buildConfigurations = (
				17BDA4EE23FF965200D68E52 /* Debug */,
				17BDA4EF23FF965200D68E52 /* Release */,
			);
			defaultConfigurationIsVisible = 0;
			defaultConfigurationName = Release;
		};
		17BDA4F023FF965200D68E52 /* Build configuration list for PBXNativeTarget "PivoProSDKTestApp" */ = {
			isa = XCConfigurationList;
			buildConfigurations = (
				17BDA4F123FF965200D68E52 /* Debug */,
				17BDA4F223FF965200D68E52 /* Release */,
			);
			defaultConfigurationIsVisible = 0;
			defaultConfigurationName = Release;
		};
/* End XCConfigurationList section */
	};
	rootObject = 17BDA4D423FF965000D68E52 /* Project object */;
}
